
Microsoft Visual Studio Solution File, Format Version 12.00
# Visual Studio 15
VisualStudioVersion = 15.0.28010.2026
MinimumVisualStudioVersion = 10.0.40219.1
Project("{FAE04EC0-301F-11D3-BF4B-00C04F79EFBC}") = "PasswordManager", "PasswordManager\PasswordManager.csproj", "{5ACBFD23-E9B1-43E3-89BB-CE8336686691}"
EndProject
Global
	GlobalSection(SolutionConfigurationPlatforms) = preSolution
		Debug|Any CPU = Debug|Any CPU
		Release|Any CPU = Release|Any CPU
	EndGlobalSection
	GlobalSection(ProjectConfigurationPlatforms) = postSolution
		{5ACBFD23-E9B1-43E3-89BB-CE8336686691}.Debug|Any CPU.ActiveCfg = Debug|Any CPU
		{5ACBFD23-E9B1-43E3-89BB-CE8336686691}.Debug|Any CPU.Build.0 = Debug|Any CPU
		{5ACBFD23-E9B1-43E3-89BB-CE8336686691}.Release|Any CPU.ActiveCfg = Release|Any CPU
		{5ACBFD23-E9B1-43E3-89BB-CE8336686691}.Release|Any CPU.Build.0 = Release|Any CPU
	EndGlobalSection
	GlobalSection(SolutionProperties) = preSolution
		HideSolutionNode = FALSE
	EndGlobalSection
	GlobalSection(ExtensibilityGlobals) = postSolution
		SolutionGuid = {955DC0D8-4B20-4251-BFD2-ECF0E5CFECD5}
	EndGlobalSection
EndGlobal
